{
  "name": "serverless-plugin-cloudwatch-sumologic",
  "version": "0.0.10",
  "lockfileVersion": 1,
  "requires": true,
  "dependencies": {
    "lodash.assignin": {
      "version": "4.2.0",
      "resolved": "https://registry.npmjs.org/lodash.assignin/-/lodash.assignin-4.2.0.tgz",
      "integrity": "sha1-uo31+4QesKPoBEIysOJjqNxqKKI="
    },
    "lodash.clonedeep": {
      "version": "4.5.0",
      "resolved": "https://registry.npmjs.org/lodash.clonedeep/-/lodash.clonedeep-4.5.0.tgz",
      "integrity": "sha1-4j8/nE+Pvd6HJSnBBxhXoIblzO8="
    },
    "lodash.startcase": {
      "version": "4.4.0",
      "resolved": "https://registry.npmjs.org/lodash.startcase/-/lodash.startcase-4.4.0.tgz",
      "integrity": "sha1-lDbjTtJgk+1/+uGTYUQ1CRXZrdg="
    }
  }
}
